
Microsoft Visual Studio Solution File, Format Version 12.00
# Visual Studio Version 16
VisualStudioVersion = 16.0.30011.22
MinimumVisualStudioVersion = 10.0.40219.1
Project("{FAE04EC0-301F-11D3-BF4B-00C04F79EFBC}") = "ITUTEST", "ITUTEST.csproj", "{FD2679CF-6D3E-4E1A-A3F8-C7AD7ADCF029}"
EndProject
Global
	GlobalSection(SolutionConfigurationPlatforms) = preSolution
		Debug|Any CPU = Debug|Any CPU
		Release|Any CPU = Release|Any CPU
	EndGlobalSection
	GlobalSection(ProjectConfigurationPlatforms) = postSolution
		{FD2679CF-6D3E-4E1A-A3F8-C7AD7ADCF029}.Debug|Any CPU.ActiveCfg = Debug|Any CPU
		{FD2679CF-6D3E-4E1A-A3F8-C7AD7ADCF029}.Debug|Any CPU.Build.0 = Debug|Any CPU
		{FD2679CF-6D3E-4E1A-A3F8-C7AD7ADCF029}.Release|Any CPU.ActiveCfg = Release|Any CPU
		{FD2679CF-6D3E-4E1A-A3F8-C7AD7ADCF029}.Release|Any CPU.Build.0 = Release|Any CPU
	EndGlobalSection
	GlobalSection(SolutionProperties) = preSolution
		HideSolutionNode = FALSE
	EndGlobalSection
	GlobalSection(ExtensibilityGlobals) = postSolution
		SolutionGuid = {3C6F3D49-2570-47FE-BAFB-E6B2D39F469C}
	EndGlobalSection
EndGlobal
